Microsoft Visual Studio Solution File, Format Version 12.00
# Visual Studio Version 17
VisualStudioVersion = 17.5.2.0
MinimumVisualStudioVersion = 10.0.40219.1
Project("{FAE04EC0-301F-11D3-BF4B-00C04F79EFBC}") = "mgpSystem", "mgpSystem.csproj", "{1AD52B5A-118C-0555-59CF-D9B6D3DA7B76}"
EndProject
Global
	GlobalSection(SolutionConfigurationPlatforms) = preSolution
		Debug|Any CPU = Debug|Any CPU
		Release|Any CPU = Release|Any CPU
	EndGlobalSection
	GlobalSection(ProjectConfigurationPlatforms) = postSolution
		{1AD52B5A-118C-0555-59CF-D9B6D3DA7B76}.Debug|Any CPU.ActiveCfg = Debug|Any CPU
		{1AD52B5A-118C-0555-59CF-D9B6D3DA7B76}.Debug|Any CPU.Build.0 = Debug|Any CPU
		{1AD52B5A-118C-0555-59CF-D9B6D3DA7B76}.Release|Any CPU.ActiveCfg = Release|Any CPU
		{1AD52B5A-118C-0555-59CF-D9B6D3DA7B76}.Release|Any CPU.Build.0 = Release|Any CPU
	EndGlobalSection
	GlobalSection(SolutionProperties) = preSolution
		HideSolutionNode = FALSE
	EndGlobalSection
	GlobalSection(ExtensibilityGlobals) = postSolution
		SolutionGuid = {5DB01236-ED6B-478F-9BBC-1CD1C0859CB0}
	EndGlobalSection
EndGlobal
